
Microsoft Visual Studio Solution File, Format Version 12.00
# Visual Studio Version 17
VisualStudioVersion = 17.0.31903.59
MinimumVisualStudioVersion = 10.0.40219.1
Project("{2150E333-8FDC-42A3-9474-1A3956D46DE8}") = "src", "src", "{827E0CD3-B72D-47B6-A68D-7590B98EB39B}"
EndProject
Project("{2150E333-8FDC-42A3-9474-1A3956D46DE8}") = "JSSoft.Modelora", "JSSoft.Modelora", "{BD1FEE09-8E7B-4AE9-859C-130813383150}"
EndProject
Project("{FAE04EC0-301F-11D3-BF4B-00C04F79EFBC}") = "JSSoft.Modelora", "src\JSSoft.Modelora\JSSoft.Modelora.csproj", "{A13D17C5-79DA-4328-B678-00F072458B97}"
EndProject
Project("{2150E333-8FDC-42A3-9474-1A3956D46DE8}") = "JSSoft.Modelora.Analyzers", "JSSoft.Modelora.Analyzers", "{86FDE31C-35E1-67AD-9777-0AF232F3223E}"
EndProject
Project("{FAE04EC0-301F-11D3-BF4B-00C04F79EFBC}") = "JSSoft.Modelora.Analyzers", "src\JSSoft.Modelora.Analyzers\JSSoft.Modelora.Analyzers.csproj", "{982F9CF2-E538-40E0-9C31-CDA5B2AA42AE}"
EndProject
Project("{2150E333-8FDC-42A3-9474-1A3956D46DE8}") = "JSSoft.Modelora.Json", "JSSoft.Modelora.Json", "{BC19867B-5D0C-D2EA-3B42-65C4D15BC811}"
EndProject
Project("{FAE04EC0-301F-11D3-BF4B-00C04F79EFBC}") = "JSSoft.Modelora.Json", "src\JSSoft.Modelora.Json\JSSoft.Modelora.Json.csproj", "{2B988D54-B3E9-4A5A-AFF1-D3E07192F5C8}"
EndProject
Project("{2150E333-8FDC-42A3-9474-1A3956D46DE8}") = "JSSoft.Modelora.Yaml", "JSSoft.Modelora.Yaml", "{A2E2345B-AAC2-2AD7-0BBC-884F09079091}"
EndProject
Project("{FAE04EC0-301F-11D3-BF4B-00C04F79EFBC}") = "JSSoft.Modelora.Yaml", "src\JSSoft.Modelora.Yaml\JSSoft.Modelora.Yaml.csproj", "{82A91B9C-5265-4F43-B7FC-8D036B8B3805}"
EndProject
Project("{2150E333-8FDC-42A3-9474-1A3956D46DE8}") = "test", "test", "{0C88DD14-F956-CE84-757C-A364CCF449FC}"
EndProject
Project("{FAE04EC0-301F-11D3-BF4B-00C04F79EFBC}") = "JSSoft.Modelora.Tests", "test\JSSoft.Modelora.Tests\JSSoft.Modelora.Tests.csproj", "{062D2244-51B5-495E-8BC0-51F5A8451231}"
EndProject
Project("{FAE04EC0-301F-11D3-BF4B-00C04F79EFBC}") = "JSSoft.Modelora.Json.Tests", "test\JSSoft.Modelora.Json.Tests\JSSoft.Modelora.Json.Tests.csproj", "{7A1780A7-995B-4CBA-ABFB-BC34569B83CA}"
EndProject
Project("{FAE04EC0-301F-11D3-BF4B-00C04F79EFBC}") = "JSSoft.Modelora.Yaml.Tests", "test\JSSoft.Modelora.Yaml.Tests\JSSoft.Modelora.Yaml.Tests.csproj", "{A37E4EE0-D93A-4762-914F-C3CA0BDBED78}"
EndProject
Global
	GlobalSection(SolutionConfigurationPlatforms) = preSolution
		Debug|Any CPU = Debug|Any CPU
		Release|Any CPU = Release|Any CPU
	EndGlobalSection
	GlobalSection(ProjectConfigurationPlatforms) = postSolution
		{A13D17C5-79DA-4328-B678-00F072458B97}.Debug|Any CPU.ActiveCfg = Debug|Any CPU
		{A13D17C5-79DA-4328-B678-00F072458B97}.Debug|Any CPU.Build.0 = Debug|Any CPU
		{A13D17C5-79DA-4328-B678-00F072458B97}.Release|Any CPU.ActiveCfg = Release|Any CPU
		{A13D17C5-79DA-4328-B678-00F072458B97}.Release|Any CPU.Build.0 = Release|Any CPU
		{982F9CF2-E538-40E0-9C31-CDA5B2AA42AE}.Debug|Any CPU.ActiveCfg = Debug|Any CPU
		{982F9CF2-E538-40E0-9C31-CDA5B2AA42AE}.Debug|Any CPU.Build.0 = Debug|Any CPU
		{982F9CF2-E538-40E0-9C31-CDA5B2AA42AE}.Release|Any CPU.ActiveCfg = Release|Any CPU
		{982F9CF2-E538-40E0-9C31-CDA5B2AA42AE}.Release|Any CPU.Build.0 = Release|Any CPU
		{2B988D54-B3E9-4A5A-AFF1-D3E07192F5C8}.Debug|Any CPU.ActiveCfg = Debug|Any CPU
		{2B988D54-B3E9-4A5A-AFF1-D3E07192F5C8}.Debug|Any CPU.Build.0 = Debug|Any CPU
		{2B988D54-B3E9-4A5A-AFF1-D3E07192F5C8}.Release|Any CPU.ActiveCfg = Release|Any CPU
		{2B988D54-B3E9-4A5A-AFF1-D3E07192F5C8}.Release|Any CPU.Build.0 = Release|Any CPU
		{82A91B9C-5265-4F43-B7FC-8D036B8B3805}.Debug|Any CPU.ActiveCfg = Debug|Any CPU
		{82A91B9C-5265-4F43-B7FC-8D036B8B3805}.Debug|Any CPU.Build.0 = Debug|Any CPU
		{82A91B9C-5265-4F43-B7FC-8D036B8B3805}.Release|Any CPU.ActiveCfg = Release|Any CPU
		{82A91B9C-5265-4F43-B7FC-8D036B8B3805}.Release|Any CPU.Build.0 = Release|Any CPU
		{062D2244-51B5-495E-8BC0-51F5A8451231}.Debug|Any CPU.ActiveCfg = Debug|Any CPU
		{062D2244-51B5-495E-8BC0-51F5A8451231}.Debug|Any CPU.Build.0 = Debug|Any CPU
		{062D2244-51B5-495E-8BC0-51F5A8451231}.Release|Any CPU.ActiveCfg = Release|Any CPU
		{062D2244-51B5-495E-8BC0-51F5A8451231}.Release|Any CPU.Build.0 = Release|Any CPU
		{7A1780A7-995B-4CBA-ABFB-BC34569B83CA}.Debug|Any CPU.ActiveCfg = Debug|Any CPU
		{7A1780A7-995B-4CBA-ABFB-BC34569B83CA}.Debug|Any CPU.Build.0 = Debug|Any CPU
		{7A1780A7-995B-4CBA-ABFB-BC34569B83CA}.Release|Any CPU.ActiveCfg = Release|Any CPU
		{7A1780A7-995B-4CBA-ABFB-BC34569B83CA}.Release|Any CPU.Build.0 = Release|Any CPU
		{A37E4EE0-D93A-4762-914F-C3CA0BDBED78}.Debug|Any CPU.ActiveCfg = Debug|Any CPU
		{A37E4EE0-D93A-4762-914F-C3CA0BDBED78}.Debug|Any CPU.Build.0 = Debug|Any CPU
		{A37E4EE0-D93A-4762-914F-C3CA0BDBED78}.Release|Any CPU.ActiveCfg = Release|Any CPU
		{A37E4EE0-D93A-4762-914F-C3CA0BDBED78}.Release|Any CPU.Build.0 = Release|Any CPU
	EndGlobalSection
	GlobalSection(SolutionProperties) = preSolution
		HideSolutionNode = FALSE
	EndGlobalSection
	GlobalSection(NestedProjects) = preSolution
		{BD1FEE09-8E7B-4AE9-859C-130813383150} = {827E0CD3-B72D-47B6-A68D-7590B98EB39B}
		{A13D17C5-79DA-4328-B678-00F072458B97} = {BD1FEE09-8E7B-4AE9-859C-130813383150}
		{86FDE31C-35E1-67AD-9777-0AF232F3223E} = {827E0CD3-B72D-47B6-A68D-7590B98EB39B}
		{982F9CF2-E538-40E0-9C31-CDA5B2AA42AE} = {86FDE31C-35E1-67AD-9777-0AF232F3223E}
		{BC19867B-5D0C-D2EA-3B42-65C4D15BC811} = {827E0CD3-B72D-47B6-A68D-7590B98EB39B}
		{2B988D54-B3E9-4A5A-AFF1-D3E07192F5C8} = {BC19867B-5D0C-D2EA-3B42-65C4D15BC811}
		{A2E2345B-AAC2-2AD7-0BBC-884F09079091} = {827E0CD3-B72D-47B6-A68D-7590B98EB39B}
		{82A91B9C-5265-4F43-B7FC-8D036B8B3805} = {A2E2345B-AAC2-2AD7-0BBC-884F09079091}
		{062D2244-51B5-495E-8BC0-51F5A8451231} = {0C88DD14-F956-CE84-757C-A364CCF449FC}
		{7A1780A7-995B-4CBA-ABFB-BC34569B83CA} = {0C88DD14-F956-CE84-757C-A364CCF449FC}
		{A37E4EE0-D93A-4762-914F-C3CA0BDBED78} = {0C88DD14-F956-CE84-757C-A364CCF449FC}
	EndGlobalSection
EndGlobal
